// !$*UTF8*$!
{
	archiveVersion = 1;
	classes = {
	};
	objectVersion = 50;
	objects = {

/* Begin PBXBuildFile section */
		C4B0EE8820E3D6C40003DED1 /* openssl.framework in Frameworks */ = {isa = PBXBuildFile; fileRef = C4B0EE8720E3D6AE0003DED1 /* openssl.framework */; };
		C4B0EE8920E3D6C40003DED1 /* openssl.framework in Embed Frameworks */ = {isa = PBXBuildFile; fileRef = C4B0EE8720E3D6AE0003DED1 /* openssl.framework */; settings = {ATTRIBUTES = (CodeSignOnCopy, RemoveHeadersOnCopy, ); }; };
		C4D7B55720E3C65000B4894D /* AppDelegate.m in Sources */ = {isa = PBXBuildFile; fileRef = C4D7B55620E3C65000B4894D /* AppDelegate.m */; };
		C4D7B55A20E3C65000B4894D /* ViewController.m in Sources */ = {isa = PBXBuildFile; fileRef = C4D7B55920E3C65000B4894D /* ViewController.m */; };
		C4D7B55D20E3C65000B4894D /* Main.storyboard in Resources */ = {isa = PBXBuildFile; fileRef = C4D7B55B20E3C65000B4894D /* Main.storyboard */; };
		C4D7B55F20E3C65100B4894D /* Assets.xcassets in Resources */ = {isa = PBXBuildFile; fileRef = C4D7B55E20E3C65100B4894D /* Assets.xcassets */; };
		C4D7B56220E3C65100B4894D /* LaunchScreen.storyboard in Resources */ = {isa = PBXBuildFile; fileRef = C4D7B56020E3C65100B4894D /* LaunchScreen.storyboard */; };
		C4D7B56520E3C65100B4894D /* main.m in Sources */ = {isa = PBXBuildFile; fileRef = C4D7B56420E3C65100B4894D /* main.m */; };
/* End PBXBuildFile section */

/* Begin PBXContainerItemProxy section */
		C4B0EE8620E3D6AE0003DED1 /* PBXContainerItemProxy */ = {
			isa = PBXContainerItemProxy;
			containerPortal = C4B0EE8220E3D6AE0003DED1 /* openssl.xcodeproj */;
			proxyType = 2;
			remoteGlobalIDString = C4D7B66E20E3C9CC00B4894D;
			remoteInfo = openssl;
		};
		C4B0EE8A20E3D6C40003DED1 /* PBXContainerItemProxy */ = {
			isa = PBXContainerItemProxy;
			containerPortal = C4B0EE8220E3D6AE0003DED1 /* openssl.xcodeproj */;
			proxyType = 1;
			remoteGlobalIDString = C4D7B66D20E3C9CC00B4894D;
			remoteInfo = openssl;
		};
/* End PBXContainerItemProxy section */

/* Begin PBXCopyFilesBuildPhase section */
		C4D7B75B20E3CA8B00B4894D /* Embed Frameworks */ = {
			isa = PBXCopyFilesBuildPhase;
			buildActionMask = 2147483647;
			dstPath = "";
			dstSubfolderSpec = 10;
			files = (
				C4B0EE8920E3D6C40003DED1 /* openssl.framework in Embed Frameworks */,
			);
			name = "Embed Frameworks";
			runOnlyForDeploymentPostprocessing = 0;
		};
/* End PBXCopyFilesBuildPhase section */

/* Begin PBXFileReference section */
		C4B0EE8220E3D6AE0003DED1 /* openssl.xcodeproj */ = {isa = PBXFileReference; lastKnownFileType = "wrapper.pb-project"; name = openssl.xcodeproj; path = ../src/openssl.xcodeproj; sourceTree = "<group>"; };
		C4D7B55220E3C65000B4894D /* Example.app */ = {isa = PBXFileReference; explicitFileType = wrapper.application; includeInIndex = 0; path = Example.app; sourceTree = BUILT_PRODUCTS_DIR; };
		C4D7B55520E3C65000B4894D /* AppDelegate.h */ = {isa = PBXFileReference; lastKnownFileType = sourcecode.c.h; path = AppDelegate.h; sourceTree = "<group>"; };
		C4D7B55620E3C65000B4894D /* AppDelegate.m */ = {isa = PBXFileReference; lastKnownFileType = sourcecode.c.objc; path = AppDelegate.m; sourceTree = "<group>"; };
		C4D7B55820E3C65000B4894D /* ViewController.h */ = {isa = PBXFileReference; lastKnownFileType = sourcecode.c.h; path = ViewController.h; sourceTree = "<group>"; };
		C4D7B55920E3C65000B4894D /* ViewController.m */ = {isa = PBXFileReference; lastKnownFileType = sourcecode.c.objc; path = ViewController.m; sourceTree = "<group>"; };
		C4D7B55C20E3C65000B4894D /* Base */ = {isa = PBXFileReference; lastKnownFileType = file.storyboard; name = Base; path = Base.lproj/Main.storyboard; sourceTree = "<group>"; };
		C4D7B55E20E3C65100B4894D /* Assets.xcassets */ = {isa = PBXFileReference; lastKnownFileType = folder.assetcatalog; path = Assets.xcassets; sourceTree = "<group>"; };
		C4D7B56120E3C65100B4894D /* Base */ = {isa = PBXFileReference; lastKnownFileType = file.storyboard; name = Base; path = Base.lproj/LaunchScreen.storyboard; sourceTree = "<group>"; };
		C4D7B56320E3C65100B4894D /* Info.plist */ = {isa = PBXFileReference; lastKnownFileType = text.plist.xml; path = Info.plist; sourceTree = "<group>"; };
		C4D7B56420E3C65100B4894D /* main.m */ = {isa = PBXFileReference; lastKnownFileType = sourcecode.c.objc; path = main.m; sourceTree = "<group>"; };
/* End PBXFileReference section */

/* Begin PBXFrameworksBuildPhase section */
		C4D7B54F20E3C65000B4894D /* Frameworks */ = {
			isa = PBXFrameworksBuildPhase;
			buildActionMask = 2147483647;
			files = (
				C4B0EE8820E3D6C40003DED1 /* openssl.framework in Frameworks */,
			);
			runOnlyForDeploymentPostprocessing = 0;
		};
/* End PBXFrameworksBuildPhase section */

/* Begin PBXGroup section */
		C4B0EE8320E3D6AE0003DED1 /* Products */ = {
			isa = PBXGroup;
			children = (
				C4B0EE8720E3D6AE0003DED1 /* openssl.framework */,
			);
			name = Products;
			sourceTree = "<group>";
		};
		C4D7B54920E3C65000B4894D = {
			isa = PBXGroup;
			children = (
				C4D7B75020E3CA7900B4894D /* Libraries */,
				C4D7B55420E3C65000B4894D /* Example */,
				C4D7B55320E3C65000B4894D /* Products */,
				C4D7B57120E3C66300B4894D /* Frameworks */,
			);
			sourceTree = "<group>";
		};
		C4D7B55320E3C65000B4894D /* Products */ = {
			isa = PBXGroup;
			children = (
				C4D7B55220E3C65000B4894D /* Example.app */,
			);
			name = Products;
			sourceTree = "<group>";
		};
		C4D7B55420E3C65000B4894D /* Example */ = {
			isa = PBXGroup;
			children = (
				C4D7B55520E3C65000B4894D /* AppDelegate.h */,
				C4D7B55620E3C65000B4894D /* AppDelegate.m */,
				C4D7B55820E3C65000B4894D /* ViewController.h */,
				C4D7B55920E3C65000B4894D /* ViewController.m */,
				C4D7B55B20E3C65000B4894D /* Main.storyboard */,
				C4D7B55E20E3C65100B4894D /* Assets.xcassets */,
				C4D7B56020E3C65100B4894D /* LaunchScreen.storyboard */,
				C4D7B56320E3C65100B4894D /* Info.plist */,
				C4D7B56420E3C65100B4894D /* main.m */,
			);
			path = Example;
			sourceTree = "<group>";
		};
		C4D7B57120E3C66300B4894D /* Frameworks */ = {
			isa = PBXGroup;
			children = (
			);
			name = Frameworks;
			sourceTree = "<group>";
		};
		C4D7B75020E3CA7900B4894D /* Libraries */ = {
			isa = PBXGroup;
			children = (
				C4B0EE8220E3D6AE0003DED1 /* openssl.xcodeproj */,
			);
			name = Libraries;
			sourceTree = "<group>";
		};
/* End PBXGroup section */

/* Begin PBXNativeTarget section */
		C4D7B55120E3C65000B4894D /* Example */ = {
			isa = PBXNativeTarget;
			buildConfigurationList = C4D7B56820E3C65100B4894D /* Build configuration list for PBXNativeTarget "Example" */;
			buildPhases = (
				C4D7B54E20E3C65000B4894D /* Sources */,
				C4D7B54F20E3C65000B4894D /* Frameworks */,
				C4D7B55020E3C65000B4894D /* Resources */,
				C4D7B75B20E3CA8B00B4894D /* Embed Frameworks */,
			);
			buildRules = (
			);
			dependencies = (
				C4B0EE8B20E3D6C40003DED1 /* PBXTargetDependency */,
			);
			name = Example;
			productName = Example;
			productReference = C4D7B55220E3C65000B4894D /* Example.app */;
			productType = "com.apple.product-type.application";
		};
/* End PBXNativeTarget section */

/* Begin PBXProject section */
		C4D7B54A20E3C65000B4894D /* Project object */ = {
			isa = PBXProject;
			attributes = {
				LastUpgradeCheck = 0940;
				ORGANIZATIONNAME = Jerry;
				TargetAttributes = {
					C4D7B55120E3C65000B4894D = {
						CreatedOnToolsVersion = 9.4.1;
					};
				};
			};
			buildConfigurationList = C4D7B54D20E3C65000B4894D /* Build configuration list for PBXProject "Example" */;
			compatibilityVersion = "Xcode 9.3";
			developmentRegion = en;
			hasScannedForEncodings = 0;
			knownRegions = (
				en,
				Base,
			);
			mainGroup = C4D7B54920E3C65000B4894D;
			productRefGroup = C4D7B55320E3C65000B4894D /* Products */;
			projectDirPath = "";
			projectReferences = (
				{
					ProductGroup = C4B0EE8320E3D6AE0003DED1 /* Products */;
					ProjectRef = C4B0EE8220E3D6AE0003DED1 /* openssl.xcodeproj */;
				},
			);
			projectRoot = "";
			targets = (
				C4D7B55120E3C65000B4894D /* Example */,
			);
		};
/* End PBXProject section */

/* Begin PBXReferenceProxy section */
		C4B0EE8720E3D6AE0003DED1 /* openssl.framework */ = {
			isa = PBXReferenceProxy;
			fileType = wrapper.framework;
			path = openssl.framework;
			remoteRef = C4B0EE8620E3D6AE0003DED1 /* PBXContainerItemProxy */;
			sourceTree = BUILT_PRODUCTS_DIR;
		};
/* End PBXReferenceProxy section */

/* Begin PBXResourcesBuildPhase section */
		C4D7B55020E3C65000B4894D /* Resources */ = {
			isa = PBXResourcesBuildPhase;
			buildActionMask = 2147483647;
			files = (
				C4D7B56220E3C65100B4894D /* LaunchScreen.storyboard in Resources */,
				C4D7B55F20E3C65100B4894D /* Assets.xcassets in Resources */,
				C4D7B55D20E3C65000B4894D /* Main.storyboard in Resources */,
			);
			runOnlyForDeploymentPostprocessing = 0;
		};
/* End PBXResourcesBuildPhase section */

/* Begin PBXSourcesBuildPhase section */
		C4D7B54E20E3C65000B4894D /* Sources */ = {
			isa = PBXSourcesBuildPhase;
			buildActionMask = 2147483647;
			files = (
				C4D7B55A20E3C65000B4894D /* ViewController.m in Sources */,
				C4D7B56520E3C65100B4894D /* main.m in Sources */,
				C4D7B55720E3C65000B4894D /* AppDelegate.m in Sources */,
			);
			runOnlyForDeploymentPostprocessing = 0;
		};
/* End PBXSourcesBuildPhase section */

/* Begin PBXTargetDependency section */
		C4B0EE8B20E3D6C40003DED1 /* PBXTargetDependency */ = {
			isa = PBXTargetDependency;
			name = openssl;
			targetProxy = C4B0EE8A20E3D6C40003DED1 /* PBXContainerItemProxy */;
		};
/* End PBXTargetDependency section */

/* Begin PBXVariantGroup section */
		C4D7B55B20E3C65000B4894D /* Main.storyboard */ = {
			isa = PBXVariantGroup;
			children = (
				C4D7B55C20E3C65000B4894D /* Base */,
			);
			name = Main.storyboard;
			sourceTree = "<group>";
		};
		C4D7B56020E3C65100B4894D /* LaunchScreen.storyboard */ = {
			isa = PBXVariantGroup;
			children = (
				C4D7B56120E3C65100B4894D /* Base */,
			);
			name = LaunchScreen.storyboard;
			sourceTree = "<group>";
		};
/* End PBXVariantGroup section */

/* Begin XCBuildConfiguration section */
		C4D7B56620E3C65100B4894D /* Debug */ = {
			isa = XCBuildConfiguration;
			buildSettings = {
				ALWAYS_SEARCH_USER_PATHS = NO;
				CLANG_ANALYZER_NONNULL = YES;
				CLANG_ANALYZER_NUMBER_OBJECT_CONVERSION = YES_AGGRESSIVE;
				CLANG_CXX_LANGUAGE_STANDARD = "gnu++14";
				CLANG_CXX_LIBRARY = "libc++";
				CLANG_ENABLE_MODULES = YES;
				CLANG_ENABLE_OBJC_ARC = YES;
				CLANG_ENABLE_OBJC_WEAK = YES;
				CLANG_WARN_BLOCK_CAPTURE_AUTORELEASING = YES;
				CLANG_WARN_BOOL_CONVERSION = YES;
				CLANG_WARN_COMMA = YES;
				CLANG_WARN_CONSTANT_CONVERSION = YES;
				CLANG_WARN_DEPRECATED_OBJC_IMPLEMENTATIONS = YES;
				CLANG_WARN_DIRECT_OBJC_ISA_USAGE = YES_ERROR;
				CLANG_WARN_DOCUMENTATION_COMMENTS = YES;
				CLANG_WARN_EMPTY_BODY = YES;
				CLANG_WARN_ENUM_CONVERSION = YES;
				CLANG_WARN_INFINITE_RECURSION = YES;
				CLANG_WARN_INT_CONVERSION = YES;
				CLANG_WARN_NON_LITERAL_NULL_CONVERSION = YES;
				CLANG_WARN_OBJC_IMPLICIT_RETAIN_SELF = YES;
				CLANG_WARN_OBJC_LITERAL_CONVERSION = YES;
				CLANG_WARN_OBJC_ROOT_CLASS = YES_ERROR;
				CLANG_WARN_RANGE_LOOP_ANALYSIS = YES;
				CLANG_WARN_STRICT_PROTOTYPES = YES;
				CLANG_WARN_SUSPICIOUS_MOVE = YES;
				CLANG_WARN_UNGUARDED_AVAILABILITY = YES_AGGRESSIVE;
				CLANG_WARN_UNREACHABLE_CODE = YES;
				CLANG_WARN__DUPLICATE_METHOD_MATCH = YES;
				CODE_SIGN_IDENTITY = "iPhone Developer";
				COPY_PHASE_STRIP = NO;
				DEBUG_INFORMATION_FORMAT = dwarf;
				ENABLE_STRICT_OBJC_MSGSEND = YES;
				ENABLE_TESTABILITY = YES;
				GCC_C_LANGUAGE_STANDARD = gnu11;
				GCC_DYNAMIC_NO_PIC = NO;
				GCC_NO_COMMON_BLOCKS = YES;
				GCC_OPTIMIZATION_LEVEL = 0;
				GCC_PREPROCESSOR_DEFINITIONS = (
					"DEBUG=1",
					"$(inherited)",
				);
				GCC_WARN_64_TO_32_BIT_CONVERSION = YES;
				GCC_WARN_ABOUT_RETURN_TYPE = YES_ERROR;
				GCC_WARN_UNDECLARED_SELECTOR = YES;
				GCC_WARN_UNINITIALIZED_AUTOS = YES_AGGRESSIVE;
				GCC_WARN_UNUSED_FUNCTION = YES;
				GCC_WARN_UNUSED_VARIABLE = YES;
				IPHONEOS_DEPLOYMENT_TARGET = 11.4;
				MTL_ENABLE_DEBUG_INFO = YES;
				ONLY_ACTIVE_ARCH = YES;
				SDKROOT = iphoneos;
			};
			name = Debug;
		};
		C4D7B56720E3C65100B4894D /* Release */ = {
			isa = XCBuildConfiguration;
			buildSettings = {
				ALWAYS_SEARCH_USER_PATHS = NO;
				CLANG_ANALYZER_NONNULL = YES;
				CLANG_ANALYZER_NUMBER_OBJECT_CONVERSION = YES_AGGRESSIVE;
				CLANG_CXX_LANGUAGE_STANDARD = "gnu++14";
				CLANG_CXX_LIBRARY = "libc++";
				CLANG_ENABLE_MODULES = YES;
				CLANG_ENABLE_OBJC_ARC = YES;
				CLANG_ENABLE_OBJC_WEAK = YES;
				CLANG_WARN_BLOCK_CAPTURE_AUTORELEASING = YES;
				CLANG_WARN_BOOL_CONVERSION = YES;
				CLANG_WARN_COMMA = YES;
				CLANG_WARN_CONSTANT_CONVERSION = YES;
				CLANG_WARN_DEPRECATED_OBJC_IMPLEMENTATIONS = YES;
				CLANG_WARN_DIRECT_OBJC_ISA_USAGE = YES_ERROR;
				CLANG_WARN_DOCUMENTATION_COMMENTS = YES;
				CLANG_WARN_EMPTY_BODY = YES;
				CLANG_WARN_ENUM_CONVERSION = YES;
				CLANG_WARN_INFINITE_RECURSION = YES;
				CLANG_WARN_INT_CONVERSION = YES;
				CLANG_WARN_NON_LITERAL_NULL_CONVERSION = YES;
				CLANG_WARN_OBJC_IMPLICIT_RETAIN_SELF = YES;
				CLANG_WARN_OBJC_LITERAL_CONVERSION = YES;
				CLANG_WARN_OBJC_ROOT_CLASS = YES_ERROR;
				CLANG_WARN_RANGE_LOOP_ANALYSIS = YES;
				CLANG_WARN_STRICT_PROTOTYPES = YES;
				CLANG_WARN_SUSPICIOUS_MOVE = YES;
				CLANG_WARN_UNGUARDED_AVAILABILITY = YES_AGGRESSIVE;
				CLANG_WARN_UNREACHABLE_CODE = YES;
				CLANG_WARN__DUPLICATE_METHOD_MATCH = YES;
				CODE_SIGN_IDENTITY = "iPhone Developer";
				COPY_PHASE_STRIP = NO;
				DEBUG_INFORMATION_FORMAT = "dwarf-with-dsym";
				ENABLE_NS_ASSERTIONS = NO;
				ENABLE_STRICT_OBJC_MSGSEND = YES;
				GCC_C_LANGUAGE_STANDARD = gnu11;
				GCC_NO_COMMON_BLOCKS = YES;
				GCC_WARN_64_TO_32_BIT_CONVERSION = YES;
				GCC_WARN_ABOUT_RETURN_TYPE = YES_ERROR;
				GCC_WARN_UNDECLARED_SELECTOR = YES;
				GCC_WARN_UNINITIALIZED_AUTOS = YES_AGGRESSIVE;
				GCC_WARN_UNUSED_FUNCTION = YES;
				GCC_WARN_UNUSED_VARIABLE = YES;
				IPHONEOS_DEPLOYMENT_TARGET = 11.4;
				MTL_ENABLE_DEBUG_INFO = NO;
				SDKROOT = iphoneos;
				VALIDATE_PRODUCT = YES;
			};
			name = Release;
		};
		C4D7B56920E3C65100B4894D /* Debug */ = {
			isa = XCBuildConfiguration;
			buildSettings = {
				ASSETCATALOG_COMPILER_APPICON_NAME = AppIcon;
				CODE_SIGN_STYLE = Automatic;
				DEVELOPMENT_TEAM = 78X235BPHE;
				INFOPLIST_FILE = Example/Info.plist;
				IPHONEOS_DEPLOYMENT_TARGET = 9.0;
				LD_RUNPATH_SEARCH_PATHS = (
					"$(inherited)",
					"@executable_path/Frameworks",
				);
				PRODUCT_BUNDLE_IDENTIFIER = Bindo.Example;
				PRODUCT_NAME = "$(TARGET_NAME)";
				TARGETED_DEVICE_FAMILY = "1,2";
			};
			name = Debug;
		};
		C4D7B56A20E3C65100B4894D /* Release */ = {
			isa = XCBuildConfiguration;
			buildSettings = {
				ASSETCATALOG_COMPILER_APPICON_NAME = AppIcon;
				CODE_SIGN_STYLE = Automatic;
				DEVELOPMENT_TEAM = 78X235BPHE;
				INFOPLIST_FILE = Example/Info.plist;
				IPHONEOS_DEPLOYMENT_TARGET = 9.0;
				LD_RUNPATH_SEARCH_PATHS = (
					"$(inherited)",
					"@executable_path/Frameworks",
				);
				PRODUCT_BUNDLE_IDENTIFIER = Bindo.Example;
				PRODUCT_NAME = "$(TARGET_NAME)";
				TARGETED_DEVICE_FAMILY = "1,2";
			};
			name = Release;
		};
/* End XCBuildConfiguration section */

/* Begin XCConfigurationList section */
		C4D7B54D20E3C65000B4894D /* Build configuration list for PBXProject "Example" */ = {
			isa = XCConfigurationList;
			buildConfigurations = (
				C4D7B56620E3C65100B4894D /* Debug */,
				C4D7B56720E3C65100B4894D /* Release */,
			);
			defaultConfigurationIsVisible = 0;
			defaultConfigurationName = Release;
		};
		C4D7B56820E3C65100B4894D /* Build configuration list for PBXNativeTarget "Example" */ = {
			isa = XCConfigurationList;
			buildConfigurations = (
				C4D7B56920E3C65100B4894D /* Debug */,
				C4D7B56A20E3C65100B4894D /* Release */,
			);
			defaultConfigurationIsVisible = 0;
			defaultConfigurationName = Release;
		};
/* End XCConfigurationList section */
	};
	rootObject = C4D7B54A20E3C65000B4894D /* Project object */;
}
